
Microsoft Visual Studio Solution File, Format Version 12.00
# Visual Studio Version 17
VisualStudioVersion = 17.8.34330.188
MinimumVisualStudioVersion = 10.0.40219.1
Project("{FAE04EC0-301F-11D3-BF4B-00C04F79EFBC}") = "SecondApp2", "SecondApp2\SecondApp2.csproj", "{48898503-CD28-43A9-8046-71738BE7A379}"
EndProject
Global
	GlobalSection(SolutionConfigurationPlatforms) = preSolution
		Debug|Any CPU = Debug|Any CPU
		Release|Any CPU = Release|Any CPU
	EndGlobalSection
	GlobalSection(ProjectConfigurationPlatforms) = postSolution
		{48898503-CD28-43A9-8046-71738BE7A379}.Debug|Any CPU.ActiveCfg = Debug|Any CPU
		{48898503-CD28-43A9-8046-71738BE7A379}.Debug|Any CPU.Build.0 = Debug|Any CPU
		{48898503-CD28-43A9-8046-71738BE7A379}.Release|Any CPU.ActiveCfg = Release|Any CPU
		{48898503-CD28-43A9-8046-71738BE7A379}.Release|Any CPU.Build.0 = Release|Any CPU
	EndGlobalSection
	GlobalSection(SolutionProperties) = preSolution
		HideSolutionNode = FALSE
	EndGlobalSection
	GlobalSection(ExtensibilityGlobals) = postSolution
		SolutionGuid = {ADACB46C-36A7-4578-AC92-B21AE05CC979}
	EndGlobalSection
EndGlobal
